
Microsoft Visual Studio Solution File, Format Version 12.00
# Visual Studio Version 16
VisualStudioVersion = 16.0.30330.147
MinimumVisualStudioVersion = 10.0.40219.1
Project("{00D1A9C2-B5F0-4AF3-8072-F6C62B433612}") = "HandiBugTrackerData", "HandiBugTrackerData\HandiBugTrackerData.sqlproj", "{A2B238BA-7274-4874-BCA0-50F01D2F995A}"
EndProject
Project("{FAE04EC0-301F-11D3-BF4B-00C04F79EFBC}") = "HandiBugTrackerWebAPI", "HandiBugTrackerWebAPI\HandiBugTrackerWebAPI.csproj", "{B1A90F7B-3CDB-438F-BCE8-319FED6B4637}"
EndProject
Project("{FAE04EC0-301F-11D3-BF4B-00C04F79EFBC}") = "HandiBugTrackerDataManager", "HandiBugTrackerDataManager\HandiBugTrackerDataManager.csproj", "{89798DA0-79D0-4895-99CF-648D1AADE3E4}"
EndProject
Global
	GlobalSection(SolutionConfigurationPlatforms) = preSolution
		Debug|Any CPU = Debug|Any CPU
		Release|Any CPU = Release|Any CPU
	EndGlobalSection
	GlobalSection(ProjectConfigurationPlatforms) = postSolution
		{A2B238BA-7274-4874-BCA0-50F01D2F995A}.Debug|Any CPU.ActiveCfg = Debug|Any CPU
		{A2B238BA-7274-4874-BCA0-50F01D2F995A}.Debug|Any CPU.Build.0 = Debug|Any CPU
		{A2B238BA-7274-4874-BCA0-50F01D2F995A}.Debug|Any CPU.Deploy.0 = Debug|Any CPU
		{A2B238BA-7274-4874-BCA0-50F01D2F995A}.Release|Any CPU.ActiveCfg = Release|Any CPU
		{A2B238BA-7274-4874-BCA0-50F01D2F995A}.Release|Any CPU.Build.0 = Release|Any CPU
		{A2B238BA-7274-4874-BCA0-50F01D2F995A}.Release|Any CPU.Deploy.0 = Release|Any CPU
		{B1A90F7B-3CDB-438F-BCE8-319FED6B4637}.Debug|Any CPU.ActiveCfg = Debug|Any CPU
		{B1A90F7B-3CDB-438F-BCE8-319FED6B4637}.Debug|Any CPU.Build.0 = Debug|Any CPU
		{B1A90F7B-3CDB-438F-BCE8-319FED6B4637}.Release|Any CPU.ActiveCfg = Release|Any CPU
		{B1A90F7B-3CDB-438F-BCE8-319FED6B4637}.Release|Any CPU.Build.0 = Release|Any CPU
		{89798DA0-79D0-4895-99CF-648D1AADE3E4}.Debug|Any CPU.ActiveCfg = Debug|Any CPU
		{89798DA0-79D0-4895-99CF-648D1AADE3E4}.Debug|Any CPU.Build.0 = Debug|Any CPU
		{89798DA0-79D0-4895-99CF-648D1AADE3E4}.Release|Any CPU.ActiveCfg = Release|Any CPU
		{89798DA0-79D0-4895-99CF-648D1AADE3E4}.Release|Any CPU.Build.0 = Release|Any CPU
	EndGlobalSection
	GlobalSection(SolutionProperties) = preSolution
		HideSolutionNode = FALSE
	EndGlobalSection
	GlobalSection(ExtensibilityGlobals) = postSolution
		SolutionGuid = {A333B94C-2FA3-41CE-8A9C-FF02170D1055}
	EndGlobalSection
EndGlobal
